
Microsoft Visual Studio Solution File, Format Version 12.00
# Visual Studio 14
VisualStudioVersion = 14.0.25420.1
MinimumVisualStudioVersion = 10.0.40219.1
Project("{8BC9CEB8-8B4A-11D0-8D11-00A0C91BC942}") = "adder", "adder\adder.vcxproj", "{D5E127EB-C8EB-4569-918A-34995144F032}"
EndProject
Project("{8BC9CEB8-8B4A-11D0-8D11-00A0C91BC942}") = "fir-filter", "fir-filter\fir-filter.vcxproj", "{80DA2807-FC9B-4E8E-A1BF-85D373913147}"
EndProject
Project("{8BC9CEB8-8B4A-11D0-8D11-00A0C91BC942}") = "counter", "counter\counter.vcxproj", "{05DCF0A0-54A4-4F1B-8EF2-DD3F11A0822F}"
EndProject
Global
	GlobalSection(SolutionConfigurationPlatforms) = preSolution
		Debug|Win32 = Debug|Win32
		Debug|x64 = Debug|x64
		Debug|x86 = Debug|x86
		Release|Win32 = Release|Win32
		Release|x64 = Release|x64
		Release|x86 = Release|x86
	EndGlobalSection
	GlobalSection(ProjectConfigurationPlatforms) = postSolution
		{D5E127EB-C8EB-4569-918A-34995144F032}.Debug|Win32.ActiveCfg = Debug|Win32
		{D5E127EB-C8EB-4569-918A-34995144F032}.Debug|Win32.Build.0 = Debug|Win32
		{D5E127EB-C8EB-4569-918A-34995144F032}.Debug|x64.ActiveCfg = Debug|x64
		{D5E127EB-C8EB-4569-918A-34995144F032}.Debug|x64.Build.0 = Debug|x64
		{D5E127EB-C8EB-4569-918A-34995144F032}.Debug|x86.ActiveCfg = Debug|Win32
		{D5E127EB-C8EB-4569-918A-34995144F032}.Debug|x86.Build.0 = Debug|Win32
		{D5E127EB-C8EB-4569-918A-34995144F032}.Release|Win32.ActiveCfg = Release|Win32
		{D5E127EB-C8EB-4569-918A-34995144F032}.Release|Win32.Build.0 = Release|Win32
		{D5E127EB-C8EB-4569-918A-34995144F032}.Release|x64.ActiveCfg = Release|x64
		{D5E127EB-C8EB-4569-918A-34995144F032}.Release|x64.Build.0 = Release|x64
		{D5E127EB-C8EB-4569-918A-34995144F032}.Release|x86.ActiveCfg = Release|Win32
		{D5E127EB-C8EB-4569-918A-34995144F032}.Release|x86.Build.0 = Release|Win32
		{80DA2807-FC9B-4E8E-A1BF-85D373913147}.Debug|Win32.ActiveCfg = Debug|Win32
		{80DA2807-FC9B-4E8E-A1BF-85D373913147}.Debug|Win32.Build.0 = Debug|Win32
		{80DA2807-FC9B-4E8E-A1BF-85D373913147}.Debug|x64.ActiveCfg = Debug|x64
		{80DA2807-FC9B-4E8E-A1BF-85D373913147}.Debug|x64.Build.0 = Debug|x64
		{80DA2807-FC9B-4E8E-A1BF-85D373913147}.Debug|x86.ActiveCfg = Debug|Win32
		{80DA2807-FC9B-4E8E-A1BF-85D373913147}.Debug|x86.Build.0 = Debug|Win32
		{80DA2807-FC9B-4E8E-A1BF-85D373913147}.Release|Win32.ActiveCfg = Release|Win32
		{80DA2807-FC9B-4E8E-A1BF-85D373913147}.Release|Win32.Build.0 = Release|Win32
		{80DA2807-FC9B-4E8E-A1BF-85D373913147}.Release|x64.ActiveCfg = Release|x64
		{80DA2807-FC9B-4E8E-A1BF-85D373913147}.Release|x64.Build.0 = Release|x64
		{80DA2807-FC9B-4E8E-A1BF-85D373913147}.Release|x86.ActiveCfg = Release|Win32
		{80DA2807-FC9B-4E8E-A1BF-85D373913147}.Release|x86.Build.0 = Release|Win32
		{05DCF0A0-54A4-4F1B-8EF2-DD3F11A0822F}.Debug|Win32.ActiveCfg = Debug|Win32
		{05DCF0A0-54A4-4F1B-8EF2-DD3F11A0822F}.Debug|Win32.Build.0 = Debug|Win32
		{05DCF0A0-54A4-4F1B-8EF2-DD3F11A0822F}.Debug|x64.ActiveCfg = Debug|x64
		{05DCF0A0-54A4-4F1B-8EF2-DD3F11A0822F}.Debug|x64.Build.0 = Debug|x64
		{05DCF0A0-54A4-4F1B-8EF2-DD3F11A0822F}.Debug|x86.ActiveCfg = Debug|Win32
		{05DCF0A0-54A4-4F1B-8EF2-DD3F11A0822F}.Debug|x86.Build.0 = Debug|Win32
		{05DCF0A0-54A4-4F1B-8EF2-DD3F11A0822F}.Release|Win32.ActiveCfg = Release|Win32
		{05DCF0A0-54A4-4F1B-8EF2-DD3F11A0822F}.Release|Win32.Build.0 = Release|Win32
		{05DCF0A0-54A4-4F1B-8EF2-DD3F11A0822F}.Release|x64.ActiveCfg = Release|x64
		{05DCF0A0-54A4-4F1B-8EF2-DD3F11A0822F}.Release|x64.Build.0 = Release|x64
		{05DCF0A0-54A4-4F1B-8EF2-DD3F11A0822F}.Release|x86.ActiveCfg = Release|Win32
		{05DCF0A0-54A4-4F1B-8EF2-DD3F11A0822F}.Release|x86.Build.0 = Release|Win32
	EndGlobalSection
	GlobalSection(SolutionProperties) = preSolution
		HideSolutionNode = FALSE
	EndGlobalSection
EndGlobal
